
Microsoft Visual Studio Solution File, Format Version 12.00
# Visual Studio 15
VisualStudioVersion = 15.0.28307.106
MinimumVisualStudioVersion = 10.0.40219.1
Project("{F184B08F-C81C-45F6-A57F-5ABD9991F28F}") = "ediftp", "ediftp.vbproj", "{D5F6EBFB-C69A-49C2-99E6-1FE8B207B143}"
EndProject
Project("{F184B08F-C81C-45F6-A57F-5ABD9991F28F}") = "ediMake", "..\ediMake\ediMake\ediMake.vbproj", "{4B39EE75-EFFC-43E3-9FAD-F1EA0FE75ADD}"
EndProject
Global
	GlobalSection(SolutionConfigurationPlatforms) = preSolution
		Debug|Any CPU = Debug|Any CPU
		Release|Any CPU = Release|Any CPU
	EndGlobalSection
	GlobalSection(ProjectConfigurationPlatforms) = postSolution
		{D5F6EBFB-C69A-49C2-99E6-1FE8B207B143}.Debug|Any CPU.ActiveCfg = Debug|Any CPU
		{D5F6EBFB-C69A-49C2-99E6-1FE8B207B143}.Debug|Any CPU.Build.0 = Debug|Any CPU
		{D5F6EBFB-C69A-49C2-99E6-1FE8B207B143}.Release|Any CPU.ActiveCfg = Release|Any CPU
		{D5F6EBFB-C69A-49C2-99E6-1FE8B207B143}.Release|Any CPU.Build.0 = Release|Any CPU
		{4B39EE75-EFFC-43E3-9FAD-F1EA0FE75ADD}.Debug|Any CPU.ActiveCfg = Debug|Any CPU
		{4B39EE75-EFFC-43E3-9FAD-F1EA0FE75ADD}.Debug|Any CPU.Build.0 = Debug|Any CPU
		{4B39EE75-EFFC-43E3-9FAD-F1EA0FE75ADD}.Release|Any CPU.ActiveCfg = Release|Any CPU
		{4B39EE75-EFFC-43E3-9FAD-F1EA0FE75ADD}.Release|Any CPU.Build.0 = Release|Any CPU
	EndGlobalSection
	GlobalSection(SolutionProperties) = preSolution
		HideSolutionNode = FALSE
	EndGlobalSection
	GlobalSection(ExtensibilityGlobals) = postSolution
		SolutionGuid = {7F8B2251-8ADB-476F-8F7E-60259C44BD9B}
	EndGlobalSection
EndGlobal
